// !$*UTF8*$!
{
	archiveVersion = 1;
	classes = {
	};
	objectVersion = 50;
	objects = {

/* Begin PBXBuildFile section */
		6E95CED924E0AD0600B3BB53 /* AppDelegate.swift in Sources */ = {isa = PBXBuildFile; fileRef = 6E95CED824E0AD0600B3BB53 /* AppDelegate.swift */; };
		6E95CEDB24E0AD0600B3BB53 /* SceneDelegate.swift in Sources */ = {isa = PBXBuildFile; fileRef = 6E95CEDA24E0AD0600B3BB53 /* SceneDelegate.swift */; };
		6E95CEDE24E0AD0600B3BB53 /* ClientesCrud.xcdatamodeld in Sources */ = {isa = PBXBuildFile; fileRef = 6E95CEDC24E0AD0600B3BB53 /* ClientesCrud.xcdatamodeld */; };
		6E95CEE224E0AD0B00B3BB53 /* Assets.xcassets in Resources */ = {isa = PBXBuildFile; fileRef = 6E95CEE124E0AD0B00B3BB53 /* Assets.xcassets */; };
		6E95CEE524E0AD0B00B3BB53 /* Preview Assets.xcassets in Resources */ = {isa = PBXBuildFile; fileRef = 6E95CEE424E0AD0B00B3BB53 /* Preview Assets.xcassets */; };
		6E95CEE824E0AD0B00B3BB53 /* LaunchScreen.storyboard in Resources */ = {isa = PBXBuildFile; fileRef = 6E95CEE624E0AD0B00B3BB53 /* LaunchScreen.storyboard */; };
		6E95CEF424E0C5F200B3BB53 /* MenuView.swift in Sources */ = {isa = PBXBuildFile; fileRef = 6E95CEF324E0C5F200B3BB53 /* MenuView.swift */; };
		6E95CEF624E0C74F00B3BB53 /* CustomerListView.swift in Sources */ = {isa = PBXBuildFile; fileRef = 6E95CEF524E0C74F00B3BB53 /* CustomerListView.swift */; };
		6E95CEF824E0CBC300B3BB53 /* SearchBar.swift in Sources */ = {isa = PBXBuildFile; fileRef = 6E95CEF724E0CBC300B3BB53 /* SearchBar.swift */; };
		6E95CEFA24E0E18B00B3BB53 /* CustomerSearchView.swift in Sources */ = {isa = PBXBuildFile; fileRef = 6E95CEF924E0E18B00B3BB53 /* CustomerSearchView.swift */; };
		6E95CEFC24E0E19F00B3BB53 /* TabControllerView.swift in Sources */ = {isa = PBXBuildFile; fileRef = 6E95CEFB24E0E19F00B3BB53 /* TabControllerView.swift */; };
		6E95CEFE24E1048500B3BB53 /* CustomerViewModel.swift in Sources */ = {isa = PBXBuildFile; fileRef = 6E95CEFD24E1048500B3BB53 /* CustomerViewModel.swift */; };
		6E95CF0224E1157D00B3BB53 /* CustomerFormView.swift in Sources */ = {isa = PBXBuildFile; fileRef = 6E95CF0124E1157D00B3BB53 /* CustomerFormView.swift */; };
		6E95CF0524E116F500B3BB53 /* CustomerDTO.swift in Sources */ = {isa = PBXBuildFile; fileRef = 6E95CF0424E116F500B3BB53 /* CustomerDTO.swift */; };
		6ED53D7D24E12DC40042D9D1 /* AnimateCellHeightHelper.swift in Sources */ = {isa = PBXBuildFile; fileRef = 6ED53D7C24E12DC40042D9D1 /* AnimateCellHeightHelper.swift */; };
		6ED53D7F24E142B50042D9D1 /* Toast.swift in Sources */ = {isa = PBXBuildFile; fileRef = 6ED53D7E24E142B50042D9D1 /* Toast.swift */; };
		6ED53D8124E15E6F0042D9D1 /* CustomerUpdateView.swift in Sources */ = {isa = PBXBuildFile; fileRef = 6ED53D8024E15E6F0042D9D1 /* CustomerUpdateView.swift */; };
/* End PBXBuildFile section */

/* Begin PBXFileReference section */
		6E95CED524E0AD0600B3BB53 /* ClientesCrud.app */ = {isa = PBXFileReference; explicitFileType = wrapper.application; includeInIndex = 0; path = ClientesCrud.app; sourceTree = BUILT_PRODUCTS_DIR; };
		6E95CED824E0AD0600B3BB53 /* AppDelegate.swift */ = {isa = PBXFileReference; lastKnownFileType = sourcecode.swift; path = AppDelegate.swift; sourceTree = "<group>"; };
		6E95CEDA24E0AD0600B3BB53 /* SceneDelegate.swift */ = {isa = PBXFileReference; lastKnownFileType = sourcecode.swift; path = SceneDelegate.swift; sourceTree = "<group>"; };
		6E95CEDD24E0AD0600B3BB53 /* ClientesCrud.xcdatamodel */ = {isa = PBXFileReference; lastKnownFileType = wrapper.xcdatamodel; path = ClientesCrud.xcdatamodel; sourceTree = "<group>"; };
		6E95CEE124E0AD0B00B3BB53 /* Assets.xcassets */ = {isa = PBXFileReference; lastKnownFileType = folder.assetcatalog; path = Assets.xcassets; sourceTree = "<group>"; };
		6E95CEE424E0AD0B00B3BB53 /* Preview Assets.xcassets */ = {isa = PBXFileReference; lastKnownFileType = folder.assetcatalog; path = "Preview Assets.xcassets"; sourceTree = "<group>"; };
		6E95CEE724E0AD0B00B3BB53 /* Base */ = {isa = PBXFileReference; lastKnownFileType = file.storyboard; name = Base; path = Base.lproj/LaunchScreen.storyboard; sourceTree = "<group>"; };
		6E95CEE924E0AD0B00B3BB53 /* Info.plist */ = {isa = PBXFileReference; lastKnownFileType = text.plist.xml; path = Info.plist; sourceTree = "<group>"; };
		6E95CEF324E0C5F200B3BB53 /* MenuView.swift */ = {isa = PBXFileReference; lastKnownFileType = sourcecode.swift; path = MenuView.swift; sourceTree = "<group>"; };
		6E95CEF524E0C74F00B3BB53 /* CustomerListView.swift */ = {isa = PBXFileReference; lastKnownFileType = sourcecode.swift; path = CustomerListView.swift; sourceTree = "<group>"; };
		6E95CEF724E0CBC300B3BB53 /* SearchBar.swift */ = {isa = PBXFileReference; lastKnownFileType = sourcecode.swift; path = SearchBar.swift; sourceTree = "<group>"; };
		6E95CEF924E0E18B00B3BB53 /* CustomerSearchView.swift */ = {isa = PBXFileReference; lastKnownFileType = sourcecode.swift; path = CustomerSearchView.swift; sourceTree = "<group>"; };
		6E95CEFB24E0E19F00B3BB53 /* TabControllerView.swift */ = {isa = PBXFileReference; lastKnownFileType = sourcecode.swift; path = TabControllerView.swift; sourceTree = "<group>"; };
		6E95CEFD24E1048500B3BB53 /* CustomerViewModel.swift */ = {isa = PBXFileReference; lastKnownFileType = sourcecode.swift; path = CustomerViewModel.swift; sourceTree = "<group>"; };
		6E95CF0124E1157D00B3BB53 /* CustomerFormView.swift */ = {isa = PBXFileReference; lastKnownFileType = sourcecode.swift; path = CustomerFormView.swift; sourceTree = "<group>"; };
		6E95CF0424E116F500B3BB53 /* CustomerDTO.swift */ = {isa = PBXFileReference; lastKnownFileType = sourcecode.swift; path = CustomerDTO.swift; sourceTree = "<group>"; };
		6ED53D7C24E12DC40042D9D1 /* AnimateCellHeightHelper.swift */ = {isa = PBXFileReference; lastKnownFileType = sourcecode.swift; path = AnimateCellHeightHelper.swift; sourceTree = "<group>"; };
		6ED53D7E24E142B50042D9D1 /* Toast.swift */ = {isa = PBXFileReference; lastKnownFileType = sourcecode.swift; path = Toast.swift; sourceTree = "<group>"; };
		6ED53D8024E15E6F0042D9D1 /* CustomerUpdateView.swift */ = {isa = PBXFileReference; lastKnownFileType = sourcecode.swift; path = CustomerUpdateView.swift; sourceTree = "<group>"; };
/* End PBXFileReference section */

/* Begin PBXFrameworksBuildPhase section */
		6E95CED224E0AD0600B3BB53 /* Frameworks */ = {
			isa = PBXFrameworksBuildPhase;
			buildActionMask = 2147483647;
			files = (
			);
			runOnlyForDeploymentPostprocessing = 0;
		};
/* End PBXFrameworksBuildPhase section */

/* Begin PBXGroup section */
		6E95CECC24E0AD0600B3BB53 = {
			isa = PBXGroup;
			children = (
				6E95CED724E0AD0600B3BB53 /* ClientesCrud */,
				6E95CED624E0AD0600B3BB53 /* Products */,
			);
			sourceTree = "<group>";
		};
		6E95CED624E0AD0600B3BB53 /* Products */ = {
			isa = PBXGroup;
			children = (
				6E95CED524E0AD0600B3BB53 /* ClientesCrud.app */,
			);
			name = Products;
			sourceTree = "<group>";
		};
		6E95CED724E0AD0600B3BB53 /* ClientesCrud */ = {
			isa = PBXGroup;
			children = (
				6E95CEEF24E0C59100B3BB53 /* View */,
				6E95CEF024E0C5AB00B3BB53 /* ViewModel */,
				6E95CF0324E1166A00B3BB53 /* DTO */,
				6ED53D7B24E12DA40042D9D1 /* Helper */,
				6E95CED824E0AD0600B3BB53 /* AppDelegate.swift */,
				6E95CEDA24E0AD0600B3BB53 /* SceneDelegate.swift */,
				6E95CEE124E0AD0B00B3BB53 /* Assets.xcassets */,
				6E95CEE624E0AD0B00B3BB53 /* LaunchScreen.storyboard */,
				6E95CEE924E0AD0B00B3BB53 /* Info.plist */,
				6E95CEDC24E0AD0600B3BB53 /* ClientesCrud.xcdatamodeld */,
				6E95CEE324E0AD0B00B3BB53 /* Preview Content */,
			);
			path = ClientesCrud;
			sourceTree = "<group>";
		};
		6E95CEE324E0AD0B00B3BB53 /* Preview Content */ = {
			isa = PBXGroup;
			children = (
				6E95CEE424E0AD0B00B3BB53 /* Preview Assets.xcassets */,
			);
			path = "Preview Content";
			sourceTree = "<group>";
		};
		6E95CEEF24E0C59100B3BB53 /* View */ = {
			isa = PBXGroup;
			children = (
				6E95CEF324E0C5F200B3BB53 /* MenuView.swift */,
				6E95CEFB24E0E19F00B3BB53 /* TabControllerView.swift */,
				6E95CEF524E0C74F00B3BB53 /* CustomerListView.swift */,
				6E95CEF924E0E18B00B3BB53 /* CustomerSearchView.swift */,
				6E95CF0124E1157D00B3BB53 /* CustomerFormView.swift */,
				6ED53D8024E15E6F0042D9D1 /* CustomerUpdateView.swift */,
				6ED53D7824E11E5D0042D9D1 /* CustomView */,
			);
			path = View;
			sourceTree = "<group>";
		};
		6E95CEF024E0C5AB00B3BB53 /* ViewModel */ = {
			isa = PBXGroup;
			children = (
				6E95CEFD24E1048500B3BB53 /* CustomerViewModel.swift */,
			);
			path = ViewModel;
			sourceTree = "<group>";
		};
		6E95CF0324E1166A00B3BB53 /* DTO */ = {
			isa = PBXGroup;
			children = (
				6E95CF0424E116F500B3BB53 /* CustomerDTO.swift */,
			);
			path = DTO;
			sourceTree = "<group>";
		};
		6ED53D7824E11E5D0042D9D1 /* CustomView */ = {
			isa = PBXGroup;
			children = (
				6E95CEF724E0CBC300B3BB53 /* SearchBar.swift */,
				6ED53D7E24E142B50042D9D1 /* Toast.swift */,
			);
			path = CustomView;
			sourceTree = "<group>";
		};
		6ED53D7B24E12DA40042D9D1 /* Helper */ = {
			isa = PBXGroup;
			children = (
				6ED53D7C24E12DC40042D9D1 /* AnimateCellHeightHelper.swift */,
			);
			path = Helper;
			sourceTree = "<group>";
		};
/* End PBXGroup section */

/* Begin PBXNativeTarget section */
		6E95CED424E0AD0600B3BB53 /* ClientesCrud */ = {
			isa = PBXNativeTarget;
			buildConfigurationList = 6E95CEEC24E0AD0B00B3BB53 /* Build configuration list for PBXNativeTarget "ClientesCrud" */;
			buildPhases = (
				6E95CED124E0AD0600B3BB53 /* Sources */,
				6E95CED224E0AD0600B3BB53 /* Frameworks */,
				6E95CED324E0AD0600B3BB53 /* Resources */,
			);
			buildRules = (
			);
			dependencies = (
			);
			name = ClientesCrud;
			productName = ClientesCrud;
			productReference = 6E95CED524E0AD0600B3BB53 /* ClientesCrud.app */;
			productType = "com.apple.product-type.application";
		};
/* End PBXNativeTarget section */

/* Begin PBXProject section */
		6E95CECD24E0AD0600B3BB53 /* Project object */ = {
			isa = PBXProject;
			attributes = {
				LastSwiftUpdateCheck = 1160;
				LastUpgradeCheck = 1160;
				ORGANIZATIONNAME = "Jose Lucas";
				TargetAttributes = {
					6E95CED424E0AD0600B3BB53 = {
						CreatedOnToolsVersion = 11.6;
					};
				};
			};
			buildConfigurationList = 6E95CED024E0AD0600B3BB53 /* Build configuration list for PBXProject "ClientesCrud" */;
			compatibilityVersion = "Xcode 9.3";
			developmentRegion = en;
			hasScannedForEncodings = 0;
			knownRegions = (
				en,
				Base,
			);
			mainGroup = 6E95CECC24E0AD0600B3BB53;
			productRefGroup = 6E95CED624E0AD0600B3BB53 /* Products */;
			projectDirPath = "";
			projectRoot = "";
			targets = (
				6E95CED424E0AD0600B3BB53 /* ClientesCrud */,
			);
		};
/* End PBXProject section */

/* Begin PBXResourcesBuildPhase section */
		6E95CED324E0AD0600B3BB53 /* Resources */ = {
			isa = PBXResourcesBuildPhase;
			buildActionMask = 2147483647;
			files = (
				6E95CEE824E0AD0B00B3BB53 /* LaunchScreen.storyboard in Resources */,
				6E95CEE524E0AD0B00B3BB53 /* Preview Assets.xcassets in Resources */,
				6E95CEE224E0AD0B00B3BB53 /* Assets.xcassets in Resources */,
			);
			runOnlyForDeploymentPostprocessing = 0;
		};
/* End PBXResourcesBuildPhase section */

/* Begin PBXSourcesBuildPhase section */
		6E95CED124E0AD0600B3BB53 /* Sources */ = {
			isa = PBXSourcesBuildPhase;
			buildActionMask = 2147483647;
			files = (
				6ED53D7F24E142B50042D9D1 /* Toast.swift in Sources */,
				6ED53D8124E15E6F0042D9D1 /* CustomerUpdateView.swift in Sources */,
				6E95CEFC24E0E19F00B3BB53 /* TabControllerView.swift in Sources */,
				6E95CEF424E0C5F200B3BB53 /* MenuView.swift in Sources */,
				6E95CED924E0AD0600B3BB53 /* AppDelegate.swift in Sources */,
				6E95CEDB24E0AD0600B3BB53 /* SceneDelegate.swift in Sources */,
				6ED53D7D24E12DC40042D9D1 /* AnimateCellHeightHelper.swift in Sources */,
				6E95CF0224E1157D00B3BB53 /* CustomerFormView.swift in Sources */,
				6E95CF0524E116F500B3BB53 /* CustomerDTO.swift in Sources */,
				6E95CEDE24E0AD0600B3BB53 /* ClientesCrud.xcdatamodeld in Sources */,
				6E95CEFE24E1048500B3BB53 /* CustomerViewModel.swift in Sources */,
				6E95CEF624E0C74F00B3BB53 /* CustomerListView.swift in Sources */,
				6E95CEFA24E0E18B00B3BB53 /* CustomerSearchView.swift in Sources */,
				6E95CEF824E0CBC300B3BB53 /* SearchBar.swift in Sources */,
			);
			runOnlyForDeploymentPostprocessing = 0;
		};
/* End PBXSourcesBuildPhase section */

/* Begin PBXVariantGroup section */
		6E95CEE624E0AD0B00B3BB53 /* LaunchScreen.storyboard */ = {
			isa = PBXVariantGroup;
			children = (
				6E95CEE724E0AD0B00B3BB53 /* Base */,
			);
			name = LaunchScreen.storyboard;
			sourceTree = "<group>";
		};
/* End PBXVariantGroup section */

/* Begin XCBuildConfiguration section */
		6E95CEEA24E0AD0B00B3BB53 /* Debug */ = {
			isa = XCBuildConfiguration;
			buildSettings = {
				ALWAYS_SEARCH_USER_PATHS = NO;
				CLANG_ANALYZER_NONNULL = YES;
				CLANG_ANALYZER_NUMBER_OBJECT_CONVERSION = YES_AGGRESSIVE;
				CLANG_CXX_LANGUAGE_STANDARD = "gnu++14";
				CLANG_CXX_LIBRARY = "libc++";
				CLANG_ENABLE_MODULES = YES;
				CLANG_ENABLE_OBJC_ARC = YES;
				CLANG_ENABLE_OBJC_WEAK = YES;
				CLANG_WARN_BLOCK_CAPTURE_AUTORELEASING = YES;
				CLANG_WARN_BOOL_CONVERSION = YES;
				CLANG_WARN_COMMA = YES;
				CLANG_WARN_CONSTANT_CONVERSION = YES;
				CLANG_WARN_DEPRECATED_OBJC_IMPLEMENTATIONS = YES;
				CLANG_WARN_DIRECT_OBJC_ISA_USAGE = YES_ERROR;
				CLANG_WARN_DOCUMENTATION_COMMENTS = YES;
				CLANG_WARN_EMPTY_BODY = YES;
				CLANG_WARN_ENUM_CONVERSION = YES;
				CLANG_WARN_INFINITE_RECURSION = YES;
				CLANG_WARN_INT_CONVERSION = YES;
				CLANG_WARN_NON_LITERAL_NULL_CONVERSION = YES;
				CLANG_WARN_OBJC_IMPLICIT_RETAIN_SELF = YES;
				CLANG_WARN_OBJC_LITERAL_CONVERSION = YES;
				CLANG_WARN_OBJC_ROOT_CLASS = YES_ERROR;
				CLANG_WARN_RANGE_LOOP_ANALYSIS = YES;
				CLANG_WARN_STRICT_PROTOTYPES = YES;
				CLANG_WARN_SUSPICIOUS_MOVE = YES;
				CLANG_WARN_UNGUARDED_AVAILABILITY = YES_AGGRESSIVE;
				CLANG_WARN_UNREACHABLE_CODE = YES;
				CLANG_WARN__DUPLICATE_METHOD_MATCH = YES;
				COPY_PHASE_STRIP = NO;
				DEBUG_INFORMATION_FORMAT = dwarf;
				ENABLE_STRICT_OBJC_MSGSEND = YES;
				ENABLE_TESTABILITY = YES;
				GCC_C_LANGUAGE_STANDARD = gnu11;
				GCC_DYNAMIC_NO_PIC = NO;
				GCC_NO_COMMON_BLOCKS = YES;
				GCC_OPTIMIZATION_LEVEL = 0;
				GCC_PREPROCESSOR_DEFINITIONS = (
					"DEBUG=1",
					"$(inherited)",
				);
				GCC_WARN_64_TO_32_BIT_CONVERSION = YES;
				GCC_WARN_ABOUT_RETURN_TYPE = YES_ERROR;
				GCC_WARN_UNDECLARED_SELECTOR = YES;
				GCC_WARN_UNINITIALIZED_AUTOS = YES_AGGRESSIVE;
				GCC_WARN_UNUSED_FUNCTION = YES;
				GCC_WARN_UNUSED_VARIABLE = YES;
				IPHONEOS_DEPLOYMENT_TARGET = 13.6;
				MTL_ENABLE_DEBUG_INFO = INCLUDE_SOURCE;
				MTL_FAST_MATH = YES;
				ONLY_ACTIVE_ARCH = YES;
				SDKROOT = iphoneos;
				SWIFT_ACTIVE_COMPILATION_CONDITIONS = DEBUG;
				SWIFT_OPTIMIZATION_LEVEL = "-Onone";
			};
			name = Debug;
		};
		6E95CEEB24E0AD0B00B3BB53 /* Release */ = {
			isa = XCBuildConfiguration;
			buildSettings = {
				ALWAYS_SEARCH_USER_PATHS = NO;
				CLANG_ANALYZER_NONNULL = YES;
				CLANG_ANALYZER_NUMBER_OBJECT_CONVERSION = YES_AGGRESSIVE;
				CLANG_CXX_LANGUAGE_STANDARD = "gnu++14";
				CLANG_CXX_LIBRARY = "libc++";
				CLANG_ENABLE_MODULES = YES;
				CLANG_ENABLE_OBJC_ARC = YES;
				CLANG_ENABLE_OBJC_WEAK = YES;
				CLANG_WARN_BLOCK_CAPTURE_AUTORELEASING = YES;
				CLANG_WARN_BOOL_CONVERSION = YES;
				CLANG_WARN_COMMA = YES;
				CLANG_WARN_CONSTANT_CONVERSION = YES;
				CLANG_WARN_DEPRECATED_OBJC_IMPLEMENTATIONS = YES;
				CLANG_WARN_DIRECT_OBJC_ISA_USAGE = YES_ERROR;
				CLANG_WARN_DOCUMENTATION_COMMENTS = YES;
				CLANG_WARN_EMPTY_BODY = YES;
				CLANG_WARN_ENUM_CONVERSION = YES;
				CLANG_WARN_INFINITE_RECURSION = YES;
				CLANG_WARN_INT_CONVERSION = YES;
				CLANG_WARN_NON_LITERAL_NULL_CONVERSION = YES;
				CLANG_WARN_OBJC_IMPLICIT_RETAIN_SELF = YES;
				CLANG_WARN_OBJC_LITERAL_CONVERSION = YES;
				CLANG_WARN_OBJC_ROOT_CLASS = YES_ERROR;
				CLANG_WARN_RANGE_LOOP_ANALYSIS = YES;
				CLANG_WARN_STRICT_PROTOTYPES = YES;
				CLANG_WARN_SUSPICIOUS_MOVE = YES;
				CLANG_WARN_UNGUARDED_AVAILABILITY = YES_AGGRESSIVE;
				CLANG_WARN_UNREACHABLE_CODE = YES;
				CLANG_WARN__DUPLICATE_METHOD_MATCH = YES;
				COPY_PHASE_STRIP = NO;
				DEBUG_INFORMATION_FORMAT = "dwarf-with-dsym";
				ENABLE_NS_ASSERTIONS = NO;
				ENABLE_STRICT_OBJC_MSGSEND = YES;
				GCC_C_LANGUAGE_STANDARD = gnu11;
				GCC_NO_COMMON_BLOCKS = YES;
				GCC_WARN_64_TO_32_BIT_CONVERSION = YES;
				GCC_WARN_ABOUT_RETURN_TYPE = YES_ERROR;
				GCC_WARN_UNDECLARED_SELECTOR = YES;
				GCC_WARN_UNINITIALIZED_AUTOS = YES_AGGRESSIVE;
				GCC_WARN_UNUSED_FUNCTION = YES;
				GCC_WARN_UNUSED_VARIABLE = YES;
				IPHONEOS_DEPLOYMENT_TARGET = 13.6;
				MTL_ENABLE_DEBUG_INFO = NO;
				MTL_FAST_MATH = YES;
				SDKROOT = iphoneos;
				SWIFT_COMPILATION_MODE = wholemodule;
				SWIFT_OPTIMIZATION_LEVEL = "-O";
				VALIDATE_PRODUCT = YES;
			};
			name = Release;
		};
		6E95CEED24E0AD0B00B3BB53 /* Debug */ = {
			isa = XCBuildConfiguration;
			buildSettings = {
				ASSETCATALOG_COMPILER_APPICON_NAME = AppIcon;
				CODE_SIGN_STYLE = Automatic;
				DEVELOPMENT_ASSET_PATHS = "\"ClientesCrud/Preview Content\"";
				DEVELOPMENT_TEAM = M3Y59UX469;
				ENABLE_PREVIEWS = YES;
				INFOPLIST_FILE = ClientesCrud/Info.plist;
				LD_RUNPATH_SEARCH_PATHS = (
					"$(inherited)",
					"@executable_path/Frameworks",
				);
				PRODUCT_BUNDLE_IDENTIFIER = com.joselucas.ClientesCrud;
				PRODUCT_NAME = "$(TARGET_NAME)";
				SWIFT_VERSION = 5.0;
				TARGETED_DEVICE_FAMILY = "1,2";
			};
			name = Debug;
		};
		6E95CEEE24E0AD0B00B3BB53 /* Release */ = {
			isa = XCBuildConfiguration;
			buildSettings = {
				ASSETCATALOG_COMPILER_APPICON_NAME = AppIcon;
				CODE_SIGN_STYLE = Automatic;
				DEVELOPMENT_ASSET_PATHS = "\"ClientesCrud/Preview Content\"";
				DEVELOPMENT_TEAM = M3Y59UX469;
				ENABLE_PREVIEWS = YES;
				INFOPLIST_FILE = ClientesCrud/Info.plist;
				LD_RUNPATH_SEARCH_PATHS = (
					"$(inherited)",
					"@executable_path/Frameworks",
				);
				PRODUCT_BUNDLE_IDENTIFIER = com.joselucas.ClientesCrud;
				PRODUCT_NAME = "$(TARGET_NAME)";
				SWIFT_VERSION = 5.0;
				TARGETED_DEVICE_FAMILY = "1,2";
			};
			name = Release;
		};
/* End XCBuildConfiguration section */

/* Begin XCConfigurationList section */
		6E95CED024E0AD0600B3BB53 /* Build configuration list for PBXProject "ClientesCrud" */ = {
			isa = XCConfigurationList;
			buildConfigurations = (
				6E95CEEA24E0AD0B00B3BB53 /* Debug */,
				6E95CEEB24E0AD0B00B3BB53 /* Release */,
			);
			defaultConfigurationIsVisible = 0;
			defaultConfigurationName = Release;
		};
		6E95CEEC24E0AD0B00B3BB53 /* Build configuration list for PBXNativeTarget "ClientesCrud" */ = {
			isa = XCConfigurationList;
			buildConfigurations = (
				6E95CEED24E0AD0B00B3BB53 /* Debug */,
				6E95CEEE24E0AD0B00B3BB53 /* Release */,
			);
			defaultConfigurationIsVisible = 0;
			defaultConfigurationName = Release;
		};
/* End XCConfigurationList section */

/* Begin XCVersionGroup section */
		6E95CEDC24E0AD0600B3BB53 /* ClientesCrud.xcdatamodeld */ = {
			isa = XCVersionGroup;
			children = (
				6E95CEDD24E0AD0600B3BB53 /* ClientesCrud.xcdatamodel */,
			);
			currentVersion = 6E95CEDD24E0AD0600B3BB53 /* ClientesCrud.xcdatamodel */;
			path = ClientesCrud.xcdatamodeld;
			sourceTree = "<group>";
			versionGroupType = wrapper.xcdatamodel;
		};
/* End XCVersionGroup section */
	};
	rootObject = 6E95CECD24E0AD0600B3BB53 /* Project object */;
}
